
Microsoft Visual Studio Solution File, Format Version 12.00
# Visual Studio Version 17
VisualStudioVersion = 17.13.35931.197
MinimumVisualStudioVersion = 10.0.40219.1
Project("{FAE04EC0-301F-11D3-BF4B-00C04F79EFBC}") = "PacaGroup.Ecommerce.Transversal.Common", "PacaGroup.Ecommerce.Transversal.Common\PacaGroup.Ecommerce.Transversal.Common.csproj", "{EFFF31FF-98E6-4B5E-A14E-7E4A63D39B2F}"
EndProject
Project("{2150E333-8FDC-42A3-9474-1A3956D46DE8}") = "Transversal", "Transversal", "{02EA681E-C7D8-13C7-8484-4AC65E1B71E8}"
EndProject
Project("{2150E333-8FDC-42A3-9474-1A3956D46DE8}") = "Infraestructura", "Infraestructura", "{A7329C84-9191-4055-996E-62CF2AB679EF}"
EndProject
Project("{2150E333-8FDC-42A3-9474-1A3956D46DE8}") = "Dominio", "Dominio", "{1C6917AA-E1DE-428C-AAE0-6C2331CE2E9C}"
EndProject
Project("{2150E333-8FDC-42A3-9474-1A3956D46DE8}") = "Aplicacion", "Aplicacion", "{7CC702AF-3B45-4C98-806D-1DC32E8657BD}"
EndProject
Project("{2150E333-8FDC-42A3-9474-1A3956D46DE8}") = "Servicio", "Servicio", "{F49FF13F-0E64-4C10-B988-3752DF1284EE}"
EndProject
Project("{FAE04EC0-301F-11D3-BF4B-00C04F79EFBC}") = "PacaGroup.Ecommerce.Infrastructure.Data", "PacaGroup.Ecommerce.Infraestructura.Data\PacaGroup.Ecommerce.Infrastructure.Data.csproj", "{8132F928-FAFC-4FF5-8340-A8C9E6944B70}"
EndProject
Project("{FAE04EC0-301F-11D3-BF4B-00C04F79EFBC}") = "PacaGroup.Ecommerce.Domain.Entity", "PacaGroup.Ecommerce.Domain.Entity\PacaGroup.Ecommerce.Domain.Entity.csproj", "{295D78E6-D39F-4146-A93D-B4557A7BC101}"
EndProject
Project("{FAE04EC0-301F-11D3-BF4B-00C04F79EFBC}") = "PacaGroup.Ecommerce.Infrastructure.Interface", "PacaGroup.Ecommerce.Infrastructure.Interface\PacaGroup.Ecommerce.Infrastructure.Interface.csproj", "{99119EE9-65B0-489D-9C7F-CD30179D5265}"
EndProject
Project("{FAE04EC0-301F-11D3-BF4B-00C04F79EFBC}") = "PacaGroup.Ecommerce.Infrastructure.Repository", "PacaGroup.Ecommerce.Infrastructure.Repository\PacaGroup.Ecommerce.Infrastructure.Repository.csproj", "{8793653A-32C5-4C11-B2D8-6E9B93F09255}"
EndProject
Project("{FAE04EC0-301F-11D3-BF4B-00C04F79EFBC}") = "PacaGroup.Ecommerce.Domain.Interface", "PacaGroup.Ecommerce.Domain.Interface\PacaGroup.Ecommerce.Domain.Interface.csproj", "{10E4CD6E-0AC7-4F8D-98AC-09A5ACD79141}"
EndProject
Project("{FAE04EC0-301F-11D3-BF4B-00C04F79EFBC}") = "PacaGroup.Ecommerce.Domain.Core", "PacaGroup.Ecommerce.Domain.Core\PacaGroup.Ecommerce.Domain.Core.csproj", "{0AA39334-97BF-4EFD-B917-19E26461AE77}"
EndProject
Project("{FAE04EC0-301F-11D3-BF4B-00C04F79EFBC}") = "PacaGroup.Ecommerce.Application.DTO", "PacaGroup.Ecommerce.Application.DTO\PacaGroup.Ecommerce.Application.DTO.csproj", "{ED616F54-DAD6-4C88-9A54-C145ACFE8F78}"
EndProject
Project("{FAE04EC0-301F-11D3-BF4B-00C04F79EFBC}") = "PacaGroup.Ecommerce.Transversal.Mapper", "PacaGroup.Ecommerce.Transversal.Mapper\PacaGroup.Ecommerce.Transversal.Mapper.csproj", "{155F0027-46D7-486C-B7F3-654089B45E8A}"
EndProject
Project("{FAE04EC0-301F-11D3-BF4B-00C04F79EFBC}") = "PacaGroup.Ecommerce.Application.Interface", "PacaGroup.Ecommerce.Application.Interface\PacaGroup.Ecommerce.Application.Interface.csproj", "{480DB04E-D6E4-4DD1-8300-9C5330857BF4}"
EndProject
Project("{FAE04EC0-301F-11D3-BF4B-00C04F79EFBC}") = "PacaGroup.Ecommerce.Application.Main", "PacaGroup.Ecommerce.Application.Main\PacaGroup.Ecommerce.Application.Main.csproj", "{7572321E-65E6-42F5-B6FF-7361311A55B6}"
EndProject
Project("{FAE04EC0-301F-11D3-BF4B-00C04F79EFBC}") = "PacaGroup.Ecommerce.Services.WebApi", "PacaGroup.Ecommerce.Services.WebApi\PacaGroup.Ecommerce.Services.WebApi.csproj", "{4EF2A944-B1E0-48EF-9515-3D1C5A2B20A1}"
EndProject
Project("{FAE04EC0-301F-11D3-BF4B-00C04F79EFBC}") = "PacaGroup.Ecommerce.Transversal.Logging", "PacaGroup.Ecommerce.Transversal.Logging\PacaGroup.Ecommerce.Transversal.Logging.csproj", "{84A14867-549C-4ACC-8E34-A23E84E7FC8C}"
EndProject
Project("{FAE04EC0-301F-11D3-BF4B-00C04F79EFBC}") = "PacaGroup.Ecommerce.Application.Validator", "PacaGroup.Ecommerce.Application.Validator\PacaGroup.Ecommerce.Application.Validator.csproj", "{32B80AE9-4BF2-409E-8D78-7CB668B3767A}"
EndProject
Project("{2150E333-8FDC-42A3-9474-1A3956D46DE8}") = "Prueba", "Prueba", "{8724EF32-16C7-4A94-ACC0-CCB77A966515}"
EndProject
Project("{FAE04EC0-301F-11D3-BF4B-00C04F79EFBC}") = "PacaGroup.Ecommerce.Application.IntegrationTest", "PacaGroup.Ecommerce.Application.IntegrationTest\PacaGroup.Ecommerce.Application.IntegrationTest.csproj", "{B704E571-265D-43DD-A09D-B415660B6277}"
EndProject
Global
	GlobalSection(SolutionConfigurationPlatforms) = preSolution
		Debug|Any CPU = Debug|Any CPU
		Release|Any CPU = Release|Any CPU
	EndGlobalSection
	GlobalSection(ProjectConfigurationPlatforms) = postSolution
		{EFFF31FF-98E6-4B5E-A14E-7E4A63D39B2F}.Debug|Any CPU.ActiveCfg = Debug|Any CPU
		{EFFF31FF-98E6-4B5E-A14E-7E4A63D39B2F}.Debug|Any CPU.Build.0 = Debug|Any CPU
		{EFFF31FF-98E6-4B5E-A14E-7E4A63D39B2F}.Release|Any CPU.ActiveCfg = Release|Any CPU
		{EFFF31FF-98E6-4B5E-A14E-7E4A63D39B2F}.Release|Any CPU.Build.0 = Release|Any CPU
		{8132F928-FAFC-4FF5-8340-A8C9E6944B70}.Debug|Any CPU.ActiveCfg = Debug|Any CPU
		{8132F928-FAFC-4FF5-8340-A8C9E6944B70}.Debug|Any CPU.Build.0 = Debug|Any CPU
		{8132F928-FAFC-4FF5-8340-A8C9E6944B70}.Release|Any CPU.ActiveCfg = Release|Any CPU
		{8132F928-FAFC-4FF5-8340-A8C9E6944B70}.Release|Any CPU.Build.0 = Release|Any CPU
		{295D78E6-D39F-4146-A93D-B4557A7BC101}.Debug|Any CPU.ActiveCfg = Debug|Any CPU
		{295D78E6-D39F-4146-A93D-B4557A7BC101}.Debug|Any CPU.Build.0 = Debug|Any CPU
		{295D78E6-D39F-4146-A93D-B4557A7BC101}.Release|Any CPU.ActiveCfg = Release|Any CPU
		{295D78E6-D39F-4146-A93D-B4557A7BC101}.Release|Any CPU.Build.0 = Release|Any CPU
		{99119EE9-65B0-489D-9C7F-CD30179D5265}.Debug|Any CPU.ActiveCfg = Debug|Any CPU
		{99119EE9-65B0-489D-9C7F-CD30179D5265}.Debug|Any CPU.Build.0 = Debug|Any CPU
		{99119EE9-65B0-489D-9C7F-CD30179D5265}.Release|Any CPU.ActiveCfg = Release|Any CPU
		{99119EE9-65B0-489D-9C7F-CD30179D5265}.Release|Any CPU.Build.0 = Release|Any CPU
		{8793653A-32C5-4C11-B2D8-6E9B93F09255}.Debug|Any CPU.ActiveCfg = Debug|Any CPU
		{8793653A-32C5-4C11-B2D8-6E9B93F09255}.Debug|Any CPU.Build.0 = Debug|Any CPU
		{8793653A-32C5-4C11-B2D8-6E9B93F09255}.Release|Any CPU.ActiveCfg = Release|Any CPU
		{8793653A-32C5-4C11-B2D8-6E9B93F09255}.Release|Any CPU.Build.0 = Release|Any CPU
		{10E4CD6E-0AC7-4F8D-98AC-09A5ACD79141}.Debug|Any CPU.ActiveCfg = Debug|Any CPU
		{10E4CD6E-0AC7-4F8D-98AC-09A5ACD79141}.Debug|Any CPU.Build.0 = Debug|Any CPU
		{10E4CD6E-0AC7-4F8D-98AC-09A5ACD79141}.Release|Any CPU.ActiveCfg = Release|Any CPU
		{10E4CD6E-0AC7-4F8D-98AC-09A5ACD79141}.Release|Any CPU.Build.0 = Release|Any CPU
		{0AA39334-97BF-4EFD-B917-19E26461AE77}.Debug|Any CPU.ActiveCfg = Debug|Any CPU
		{0AA39334-97BF-4EFD-B917-19E26461AE77}.Debug|Any CPU.Build.0 = Debug|Any CPU
		{0AA39334-97BF-4EFD-B917-19E26461AE77}.Release|Any CPU.ActiveCfg = Release|Any CPU
		{0AA39334-97BF-4EFD-B917-19E26461AE77}.Release|Any CPU.Build.0 = Release|Any CPU
		{ED616F54-DAD6-4C88-9A54-C145ACFE8F78}.Debug|Any CPU.ActiveCfg = Debug|Any CPU
		{ED616F54-DAD6-4C88-9A54-C145ACFE8F78}.Debug|Any CPU.Build.0 = Debug|Any CPU
		{ED616F54-DAD6-4C88-9A54-C145ACFE8F78}.Release|Any CPU.ActiveCfg = Release|Any CPU
		{ED616F54-DAD6-4C88-9A54-C145ACFE8F78}.Release|Any CPU.Build.0 = Release|Any CPU
		{155F0027-46D7-486C-B7F3-654089B45E8A}.Debug|Any CPU.ActiveCfg = Debug|Any CPU
		{155F0027-46D7-486C-B7F3-654089B45E8A}.Debug|Any CPU.Build.0 = Debug|Any CPU
		{155F0027-46D7-486C-B7F3-654089B45E8A}.Release|Any CPU.ActiveCfg = Release|Any CPU
		{155F0027-46D7-486C-B7F3-654089B45E8A}.Release|Any CPU.Build.0 = Release|Any CPU
		{480DB04E-D6E4-4DD1-8300-9C5330857BF4}.Debug|Any CPU.ActiveCfg = Debug|Any CPU
		{480DB04E-D6E4-4DD1-8300-9C5330857BF4}.Debug|Any CPU.Build.0 = Debug|Any CPU
		{480DB04E-D6E4-4DD1-8300-9C5330857BF4}.Release|Any CPU.ActiveCfg = Release|Any CPU
		{480DB04E-D6E4-4DD1-8300-9C5330857BF4}.Release|Any CPU.Build.0 = Release|Any CPU
		{7572321E-65E6-42F5-B6FF-7361311A55B6}.Debug|Any CPU.ActiveCfg = Debug|Any CPU
		{7572321E-65E6-42F5-B6FF-7361311A55B6}.Debug|Any CPU.Build.0 = Debug|Any CPU
		{7572321E-65E6-42F5-B6FF-7361311A55B6}.Release|Any CPU.ActiveCfg = Release|Any CPU
		{7572321E-65E6-42F5-B6FF-7361311A55B6}.Release|Any CPU.Build.0 = Release|Any CPU
		{4EF2A944-B1E0-48EF-9515-3D1C5A2B20A1}.Debug|Any CPU.ActiveCfg = Debug|Any CPU
		{4EF2A944-B1E0-48EF-9515-3D1C5A2B20A1}.Debug|Any CPU.Build.0 = Debug|Any CPU
		{4EF2A944-B1E0-48EF-9515-3D1C5A2B20A1}.Release|Any CPU.ActiveCfg = Release|Any CPU
		{4EF2A944-B1E0-48EF-9515-3D1C5A2B20A1}.Release|Any CPU.Build.0 = Release|Any CPU
		{84A14867-549C-4ACC-8E34-A23E84E7FC8C}.Debug|Any CPU.ActiveCfg = Debug|Any CPU
		{84A14867-549C-4ACC-8E34-A23E84E7FC8C}.Debug|Any CPU.Build.0 = Debug|Any CPU
		{84A14867-549C-4ACC-8E34-A23E84E7FC8C}.Release|Any CPU.ActiveCfg = Release|Any CPU
		{84A14867-549C-4ACC-8E34-A23E84E7FC8C}.Release|Any CPU.Build.0 = Release|Any CPU
		{32B80AE9-4BF2-409E-8D78-7CB668B3767A}.Debug|Any CPU.ActiveCfg = Debug|Any CPU
		{32B80AE9-4BF2-409E-8D78-7CB668B3767A}.Debug|Any CPU.Build.0 = Debug|Any CPU
		{32B80AE9-4BF2-409E-8D78-7CB668B3767A}.Release|Any CPU.ActiveCfg = Release|Any CPU
		{32B80AE9-4BF2-409E-8D78-7CB668B3767A}.Release|Any CPU.Build.0 = Release|Any CPU
		{B704E571-265D-43DD-A09D-B415660B6277}.Debug|Any CPU.ActiveCfg = Debug|Any CPU
		{B704E571-265D-43DD-A09D-B415660B6277}.Debug|Any CPU.Build.0 = Debug|Any CPU
		{B704E571-265D-43DD-A09D-B415660B6277}.Release|Any CPU.ActiveCfg = Release|Any CPU
		{B704E571-265D-43DD-A09D-B415660B6277}.Release|Any CPU.Build.0 = Release|Any CPU
	EndGlobalSection
	GlobalSection(SolutionProperties) = preSolution
		HideSolutionNode = FALSE
	EndGlobalSection
	GlobalSection(NestedProjects) = preSolution
		{EFFF31FF-98E6-4B5E-A14E-7E4A63D39B2F} = {02EA681E-C7D8-13C7-8484-4AC65E1B71E8}
		{8132F928-FAFC-4FF5-8340-A8C9E6944B70} = {A7329C84-9191-4055-996E-62CF2AB679EF}
		{295D78E6-D39F-4146-A93D-B4557A7BC101} = {1C6917AA-E1DE-428C-AAE0-6C2331CE2E9C}
		{99119EE9-65B0-489D-9C7F-CD30179D5265} = {A7329C84-9191-4055-996E-62CF2AB679EF}
		{8793653A-32C5-4C11-B2D8-6E9B93F09255} = {A7329C84-9191-4055-996E-62CF2AB679EF}
		{10E4CD6E-0AC7-4F8D-98AC-09A5ACD79141} = {1C6917AA-E1DE-428C-AAE0-6C2331CE2E9C}
		{0AA39334-97BF-4EFD-B917-19E26461AE77} = {1C6917AA-E1DE-428C-AAE0-6C2331CE2E9C}
		{ED616F54-DAD6-4C88-9A54-C145ACFE8F78} = {7CC702AF-3B45-4C98-806D-1DC32E8657BD}
		{155F0027-46D7-486C-B7F3-654089B45E8A} = {02EA681E-C7D8-13C7-8484-4AC65E1B71E8}
		{480DB04E-D6E4-4DD1-8300-9C5330857BF4} = {7CC702AF-3B45-4C98-806D-1DC32E8657BD}
		{7572321E-65E6-42F5-B6FF-7361311A55B6} = {7CC702AF-3B45-4C98-806D-1DC32E8657BD}
		{4EF2A944-B1E0-48EF-9515-3D1C5A2B20A1} = {F49FF13F-0E64-4C10-B988-3752DF1284EE}
		{84A14867-549C-4ACC-8E34-A23E84E7FC8C} = {02EA681E-C7D8-13C7-8484-4AC65E1B71E8}
		{32B80AE9-4BF2-409E-8D78-7CB668B3767A} = {7CC702AF-3B45-4C98-806D-1DC32E8657BD}
		{B704E571-265D-43DD-A09D-B415660B6277} = {8724EF32-16C7-4A94-ACC0-CCB77A966515}
	EndGlobalSection
	GlobalSection(ExtensibilityGlobals) = postSolution
		SolutionGuid = {D704BC80-A32A-4F02-B0EB-0C90F51B95CC}
	EndGlobalSection
EndGlobal
